
Microsoft Visual Studio Solution File, Format Version 12.00
# Visual Studio Version 17
VisualStudioVersion = 17.0.31903.59
MinimumVisualStudioVersion = 10.0.40219.1
Project("{FAE04EC0-301F-11D3-BF4B-00C04F79EFBC}") = "UserService", "UserService\UserService.csproj", "{2B78E6B5-5CF3-48F3-ABDC-EC38B4EB98AD}"
EndProject
Project("{FAE04EC0-301F-11D3-BF4B-00C04F79EFBC}") = "VehicleService", "VehicleService\VehicleService.csproj", "{CFF31883-9860-4CFC-A97F-C32CC9781C79}"
EndProject
Project("{FAE04EC0-301F-11D3-BF4B-00C04F79EFBC}") = "SalesService", "SalesService\SalesService.csproj", "{3763A098-EB8F-4989-8B61-0D6FEEFBE1F1}"
EndProject
Project("{FAE04EC0-301F-11D3-BF4B-00C04F79EFBC}") = "CustomerService", "CustomerService\CustomerService.csproj", "{4F09775F-C0D0-4AA3-841A-5ED9C236DB19}"
EndProject
Project("{FAE04EC0-301F-11D3-BF4B-00C04F79EFBC}") = "ReportingService", "ReportingService\ReportingService.csproj", "{CFC1A63B-4228-44BB-9E34-E0F353F3E969}"
EndProject
Project("{FAE04EC0-301F-11D3-BF4B-00C04F79EFBC}") = "NotificationService", "NotificationService\NotificationService.csproj", "{BCBF9CA6-727D-4101-A6B9-22F06C324DAA}"
EndProject
Project("{FAE04EC0-301F-11D3-BF4B-00C04F79EFBC}") = "APIGatewayService", "APIGatewayService\APIGatewayService.csproj", "{2A44FAB4-84E2-46E1-8E0A-9584DF53A954}"
EndProject
Project("{2150E333-8FDC-42A3-9474-1A3956D46DE8}") = "DealerSystem.Tests", "DealerSystem.Tests", "{EDE10811-5C2C-49EE-87FA-90E0FF5ADC1A}"
EndProject
Project("{FAE04EC0-301F-11D3-BF4B-00C04F79EFBC}") = "NotificationService.Tests", "DealerSystem.Tests\NotificationService.Tests\NotificationService.Tests.csproj", "{48164537-74CA-459F-92D4-BB9235F6F471}"
EndProject
Global
	GlobalSection(SolutionConfigurationPlatforms) = preSolution
		Debug|Any CPU = Debug|Any CPU
		Release|Any CPU = Release|Any CPU
	EndGlobalSection
	GlobalSection(SolutionProperties) = preSolution
		HideSolutionNode = FALSE
	EndGlobalSection
	GlobalSection(ProjectConfigurationPlatforms) = postSolution
		{2B78E6B5-5CF3-48F3-ABDC-EC38B4EB98AD}.Debug|Any CPU.ActiveCfg = Debug|Any CPU
		{2B78E6B5-5CF3-48F3-ABDC-EC38B4EB98AD}.Debug|Any CPU.Build.0 = Debug|Any CPU
		{2B78E6B5-5CF3-48F3-ABDC-EC38B4EB98AD}.Release|Any CPU.ActiveCfg = Release|Any CPU
		{2B78E6B5-5CF3-48F3-ABDC-EC38B4EB98AD}.Release|Any CPU.Build.0 = Release|Any CPU
		{CFF31883-9860-4CFC-A97F-C32CC9781C79}.Debug|Any CPU.ActiveCfg = Debug|Any CPU
		{CFF31883-9860-4CFC-A97F-C32CC9781C79}.Debug|Any CPU.Build.0 = Debug|Any CPU
		{CFF31883-9860-4CFC-A97F-C32CC9781C79}.Release|Any CPU.ActiveCfg = Release|Any CPU
		{CFF31883-9860-4CFC-A97F-C32CC9781C79}.Release|Any CPU.Build.0 = Release|Any CPU
		{3763A098-EB8F-4989-8B61-0D6FEEFBE1F1}.Debug|Any CPU.ActiveCfg = Debug|Any CPU
		{3763A098-EB8F-4989-8B61-0D6FEEFBE1F1}.Debug|Any CPU.Build.0 = Debug|Any CPU
		{3763A098-EB8F-4989-8B61-0D6FEEFBE1F1}.Release|Any CPU.ActiveCfg = Release|Any CPU
		{3763A098-EB8F-4989-8B61-0D6FEEFBE1F1}.Release|Any CPU.Build.0 = Release|Any CPU
		{4F09775F-C0D0-4AA3-841A-5ED9C236DB19}.Debug|Any CPU.ActiveCfg = Debug|Any CPU
		{4F09775F-C0D0-4AA3-841A-5ED9C236DB19}.Debug|Any CPU.Build.0 = Debug|Any CPU
		{4F09775F-C0D0-4AA3-841A-5ED9C236DB19}.Release|Any CPU.ActiveCfg = Release|Any CPU
		{4F09775F-C0D0-4AA3-841A-5ED9C236DB19}.Release|Any CPU.Build.0 = Release|Any CPU
		{CFC1A63B-4228-44BB-9E34-E0F353F3E969}.Debug|Any CPU.ActiveCfg = Debug|Any CPU
		{CFC1A63B-4228-44BB-9E34-E0F353F3E969}.Debug|Any CPU.Build.0 = Debug|Any CPU
		{CFC1A63B-4228-44BB-9E34-E0F353F3E969}.Release|Any CPU.ActiveCfg = Release|Any CPU
		{CFC1A63B-4228-44BB-9E34-E0F353F3E969}.Release|Any CPU.Build.0 = Release|Any CPU
		{BCBF9CA6-727D-4101-A6B9-22F06C324DAA}.Debug|Any CPU.ActiveCfg = Debug|Any CPU
		{BCBF9CA6-727D-4101-A6B9-22F06C324DAA}.Debug|Any CPU.Build.0 = Debug|Any CPU
		{BCBF9CA6-727D-4101-A6B9-22F06C324DAA}.Release|Any CPU.ActiveCfg = Release|Any CPU
		{BCBF9CA6-727D-4101-A6B9-22F06C324DAA}.Release|Any CPU.Build.0 = Release|Any CPU
		{2A44FAB4-84E2-46E1-8E0A-9584DF53A954}.Debug|Any CPU.ActiveCfg = Debug|Any CPU
		{2A44FAB4-84E2-46E1-8E0A-9584DF53A954}.Debug|Any CPU.Build.0 = Debug|Any CPU
		{2A44FAB4-84E2-46E1-8E0A-9584DF53A954}.Release|Any CPU.ActiveCfg = Release|Any CPU
		{2A44FAB4-84E2-46E1-8E0A-9584DF53A954}.Release|Any CPU.Build.0 = Release|Any CPU
		{48164537-74CA-459F-92D4-BB9235F6F471}.Debug|Any CPU.ActiveCfg = Debug|Any CPU
		{48164537-74CA-459F-92D4-BB9235F6F471}.Debug|Any CPU.Build.0 = Debug|Any CPU
		{48164537-74CA-459F-92D4-BB9235F6F471}.Release|Any CPU.ActiveCfg = Release|Any CPU
		{48164537-74CA-459F-92D4-BB9235F6F471}.Release|Any CPU.Build.0 = Release|Any CPU
	EndGlobalSection
	GlobalSection(NestedProjects) = preSolution
		{48164537-74CA-459F-92D4-BB9235F6F471} = {EDE10811-5C2C-49EE-87FA-90E0FF5ADC1A}
	EndGlobalSection
EndGlobal
